// !$*UTF8*$!
{
	archiveVersion = 1;
	classes = {
	};
	objectVersion = 50;
	objects = {

/* Begin PBXBuildFile section */
		2A5803E722D32DF500AB3A6D /* AppDelegate.swift in Sources */ = {isa = PBXBuildFile; fileRef = 2A5803E622D32DF500AB3A6D /* AppDelegate.swift */; };
		2A5803E922D32DF500AB3A6D /* SceneDelegate.swift in Sources */ = {isa = PBXBuildFile; fileRef = 2A5803E822D32DF500AB3A6D /* SceneDelegate.swift */; };
		2A5803EB22D32DF500AB3A6D /* ContentView.swift in Sources */ = {isa = PBXBuildFile; fileRef = 2A5803EA22D32DF500AB3A6D /* ContentView.swift */; };
		2A5803ED22D32DF800AB3A6D /* Assets.xcassets in Resources */ = {isa = PBXBuildFile; fileRef = 2A5803EC22D32DF800AB3A6D /* Assets.xcassets */; };
		2A5803F022D32DF800AB3A6D /* Preview Assets.xcassets in Resources */ = {isa = PBXBuildFile; fileRef = 2A5803EF22D32DF800AB3A6D /* Preview Assets.xcassets */; };
		2A5803F322D32DF800AB3A6D /* LaunchScreen.storyboard in Resources */ = {isa = PBXBuildFile; fileRef = 2A5803F122D32DF800AB3A6D /* LaunchScreen.storyboard */; };
/* End PBXBuildFile section */

/* Begin PBXFileReference section */
		2A5803E322D32DF500AB3A6D /* ButtonAction.app */ = {isa = PBXFileReference; explicitFileType = wrapper.application; includeInIndex = 0; path = ButtonAction.app; sourceTree = BUILT_PRODUCTS_DIR; };
		2A5803E622D32DF500AB3A6D /* AppDelegate.swift */ = {isa = PBXFileReference; lastKnownFileType = sourcecode.swift; path = AppDelegate.swift; sourceTree = "<group>"; };
		2A5803E822D32DF500AB3A6D /* SceneDelegate.swift */ = {isa = PBXFileReference; lastKnownFileType = sourcecode.swift; path = SceneDelegate.swift; sourceTree = "<group>"; };
		2A5803EA22D32DF500AB3A6D /* ContentView.swift */ = {isa = PBXFileReference; lastKnownFileType = sourcecode.swift; path = ContentView.swift; sourceTree = "<group>"; };
		2A5803EC22D32DF800AB3A6D /* Assets.xcassets */ = {isa = PBXFileReference; lastKnownFileType = folder.assetcatalog; path = Assets.xcassets; sourceTree = "<group>"; };
		2A5803EF22D32DF800AB3A6D /* Preview Assets.xcassets */ = {isa = PBXFileReference; lastKnownFileType = folder.assetcatalog; path = "Preview Assets.xcassets"; sourceTree = "<group>"; };
		2A5803F222D32DF800AB3A6D /* Base */ = {isa = PBXFileReference; lastKnownFileType = file.storyboard; name = Base; path = Base.lproj/LaunchScreen.storyboard; sourceTree = "<group>"; };
		2A5803F422D32DF800AB3A6D /* Info.plist */ = {isa = PBXFileReference; lastKnownFileType = text.plist.xml; path = Info.plist; sourceTree = "<group>"; };
/* End PBXFileReference section */

/* Begin PBXFrameworksBuildPhase section */
		2A5803E022D32DF500AB3A6D /* Frameworks */ = {
			isa = PBXFrameworksBuildPhase;
			buildActionMask = 2147483647;
			files = (
			);
			runOnlyForDeploymentPostprocessing = 0;
		};
/* End PBXFrameworksBuildPhase section */

/* Begin PBXGroup section */
		2A5803DA22D32DF500AB3A6D = {
			isa = PBXGroup;
			children = (
				2A5803E522D32DF500AB3A6D /* ButtonAction */,
				2A5803E422D32DF500AB3A6D /* Products */,
			);
			sourceTree = "<group>";
		};
		2A5803E422D32DF500AB3A6D /* Products */ = {
			isa = PBXGroup;
			children = (
				2A5803E322D32DF500AB3A6D /* ButtonAction.app */,
			);
			name = Products;
			sourceTree = "<group>";
		};
		2A5803E522D32DF500AB3A6D /* ButtonAction */ = {
			isa = PBXGroup;
			children = (
				2A5803E622D32DF500AB3A6D /* AppDelegate.swift */,
				2A5803E822D32DF500AB3A6D /* SceneDelegate.swift */,
				2A5803EA22D32DF500AB3A6D /* ContentView.swift */,
				2A5803EC22D32DF800AB3A6D /* Assets.xcassets */,
				2A5803F122D32DF800AB3A6D /* LaunchScreen.storyboard */,
				2A5803F422D32DF800AB3A6D /* Info.plist */,
				2A5803EE22D32DF800AB3A6D /* Preview Content */,
			);
			path = ButtonAction;
			sourceTree = "<group>";
		};
		2A5803EE22D32DF800AB3A6D /* Preview Content */ = {
			isa = PBXGroup;
			children = (
				2A5803EF22D32DF800AB3A6D /* Preview Assets.xcassets */,
			);
			path = "Preview Content";
			sourceTree = "<group>";
		};
/* End PBXGroup section */

/* Begin PBXNativeTarget section */
		2A5803E222D32DF500AB3A6D /* ButtonAction */ = {
			isa = PBXNativeTarget;
			buildConfigurationList = 2A5803F722D32DF800AB3A6D /* Build configuration list for PBXNativeTarget "ButtonAction" */;
			buildPhases = (
				2A5803DF22D32DF500AB3A6D /* Sources */,
				2A5803E022D32DF500AB3A6D /* Frameworks */,
				2A5803E122D32DF500AB3A6D /* Resources */,
			);
			buildRules = (
			);
			dependencies = (
			);
			name = ButtonAction;
			productName = ButtonAction;
			productReference = 2A5803E322D32DF500AB3A6D /* ButtonAction.app */;
			productType = "com.apple.product-type.application";
		};
/* End PBXNativeTarget section */

/* Begin PBXProject section */
		2A5803DB22D32DF500AB3A6D /* Project object */ = {
			isa = PBXProject;
			attributes = {
				LastSwiftUpdateCheck = 1100;
				LastUpgradeCheck = 1100;
				ORGANIZATIONNAME = "Tien Le P.";
				TargetAttributes = {
					2A5803E222D32DF500AB3A6D = {
						CreatedOnToolsVersion = 11.0;
					};
				};
			};
			buildConfigurationList = 2A5803DE22D32DF500AB3A6D /* Build configuration list for PBXProject "ButtonAction" */;
			compatibilityVersion = "Xcode 9.3";
			developmentRegion = en;
			hasScannedForEncodings = 0;
			knownRegions = (
				en,
				Base,
			);
			mainGroup = 2A5803DA22D32DF500AB3A6D;
			productRefGroup = 2A5803E422D32DF500AB3A6D /* Products */;
			projectDirPath = "";
			projectRoot = "";
			targets = (
				2A5803E222D32DF500AB3A6D /* ButtonAction */,
			);
		};
/* End PBXProject section */

/* Begin PBXResourcesBuildPhase section */
		2A5803E122D32DF500AB3A6D /* Resources */ = {
			isa = PBXResourcesBuildPhase;
			buildActionMask = 2147483647;
			files = (
				2A5803F322D32DF800AB3A6D /* LaunchScreen.storyboard in Resources */,
				2A5803F022D32DF800AB3A6D /* Preview Assets.xcassets in Resources */,
				2A5803ED22D32DF800AB3A6D /* Assets.xcassets in Resources */,
			);
			runOnlyForDeploymentPostprocessing = 0;
		};
/* End PBXResourcesBuildPhase section */

/* Begin PBXSourcesBuildPhase section */
		2A5803DF22D32DF500AB3A6D /* Sources */ = {
			isa = PBXSourcesBuildPhase;
			buildActionMask = 2147483647;
			files = (
				2A5803E722D32DF500AB3A6D /* AppDelegate.swift in Sources */,
				2A5803E922D32DF500AB3A6D /* SceneDelegate.swift in Sources */,
				2A5803EB22D32DF500AB3A6D /* ContentView.swift in Sources */,
			);
			runOnlyForDeploymentPostprocessing = 0;
		};
/* End PBXSourcesBuildPhase section */

/* Begin PBXVariantGroup section */
		2A5803F122D32DF800AB3A6D /* LaunchScreen.storyboard */ = {
			isa = PBXVariantGroup;
			children = (
				2A5803F222D32DF800AB3A6D /* Base */,
			);
			name = LaunchScreen.storyboard;
			sourceTree = "<group>";
		};
/* End PBXVariantGroup section */

/* Begin XCBuildConfiguration section */
		2A5803F522D32DF800AB3A6D /* Debug */ = {
			isa = XCBuildConfiguration;
			buildSettings = {
				ALWAYS_SEARCH_USER_PATHS = NO;
				CLANG_ANALYZER_NONNULL = YES;
				CLANG_ANALYZER_NUMBER_OBJECT_CONVERSION = YES_AGGRESSIVE;
				CLANG_CXX_LANGUAGE_STANDARD = "gnu++14";
				CLANG_CXX_LIBRARY = "libc++";
				CLANG_ENABLE_MODULES = YES;
				CLANG_ENABLE_OBJC_ARC = YES;
				CLANG_ENABLE_OBJC_WEAK = YES;
				CLANG_WARN_BLOCK_CAPTURE_AUTORELEASING = YES;
				CLANG_WARN_BOOL_CONVERSION = YES;
				CLANG_WARN_COMMA = YES;
				CLANG_WARN_CONSTANT_CONVERSION = YES;
				CLANG_WARN_DEPRECATED_OBJC_IMPLEMENTATIONS = YES;
				CLANG_WARN_DIRECT_OBJC_ISA_USAGE = YES_ERROR;
				CLANG_WARN_DOCUMENTATION_COMMENTS = YES;
				CLANG_WARN_EMPTY_BODY = YES;
				CLANG_WARN_ENUM_CONVERSION = YES;
				CLANG_WARN_INFINITE_RECURSION = YES;
				CLANG_WARN_INT_CONVERSION = YES;
				CLANG_WARN_NON_LITERAL_NULL_CONVERSION = YES;
				CLANG_WARN_OBJC_IMPLICIT_RETAIN_SELF = YES;
				CLANG_WARN_OBJC_LITERAL_CONVERSION = YES;
				CLANG_WARN_OBJC_ROOT_CLASS = YES_ERROR;
				CLANG_WARN_RANGE_LOOP_ANALYSIS = YES;
				CLANG_WARN_STRICT_PROTOTYPES = YES;
				CLANG_WARN_SUSPICIOUS_MOVE = YES;
				CLANG_WARN_UNGUARDED_AVAILABILITY = YES_AGGRESSIVE;
				CLANG_WARN_UNREACHABLE_CODE = YES;
				CLANG_WARN__DUPLICATE_METHOD_MATCH = YES;
				COPY_PHASE_STRIP = NO;
				DEBUG_INFORMATION_FORMAT = dwarf;
				ENABLE_STRICT_OBJC_MSGSEND = YES;
				ENABLE_TESTABILITY = YES;
				GCC_C_LANGUAGE_STANDARD = gnu11;
				GCC_DYNAMIC_NO_PIC = NO;
				GCC_NO_COMMON_BLOCKS = YES;
				GCC_OPTIMIZATION_LEVEL = 0;
				GCC_PREPROCESSOR_DEFINITIONS = (
					"DEBUG=1",
					"$(inherited)",
				);
				GCC_WARN_64_TO_32_BIT_CONVERSION = YES;
				GCC_WARN_ABOUT_RETURN_TYPE = YES_ERROR;
				GCC_WARN_UNDECLARED_SELECTOR = YES;
				GCC_WARN_UNINITIALIZED_AUTOS = YES_AGGRESSIVE;
				GCC_WARN_UNUSED_FUNCTION = YES;
				GCC_WARN_UNUSED_VARIABLE = YES;
				IPHONEOS_DEPLOYMENT_TARGET = 13.0;
				MTL_ENABLE_DEBUG_INFO = INCLUDE_SOURCE;
				MTL_FAST_MATH = YES;
				ONLY_ACTIVE_ARCH = YES;
				SDKROOT = iphoneos;
				SWIFT_ACTIVE_COMPILATION_CONDITIONS = DEBUG;
				SWIFT_OPTIMIZATION_LEVEL = "-Onone";
			};
			name = Debug;
		};
		2A5803F622D32DF800AB3A6D /* Release */ = {
			isa = XCBuildConfiguration;
			buildSettings = {
				ALWAYS_SEARCH_USER_PATHS = NO;
				CLANG_ANALYZER_NONNULL = YES;
				CLANG_ANALYZER_NUMBER_OBJECT_CONVERSION = YES_AGGRESSIVE;
				CLANG_CXX_LANGUAGE_STANDARD = "gnu++14";
				CLANG_CXX_LIBRARY = "libc++";
				CLANG_ENABLE_MODULES = YES;
				CLANG_ENABLE_OBJC_ARC = YES;
				CLANG_ENABLE_OBJC_WEAK = YES;
				CLANG_WARN_BLOCK_CAPTURE_AUTORELEASING = YES;
				CLANG_WARN_BOOL_CONVERSION = YES;
				CLANG_WARN_COMMA = YES;
				CLANG_WARN_CONSTANT_CONVERSION = YES;
				CLANG_WARN_DEPRECATED_OBJC_IMPLEMENTATIONS = YES;
				CLANG_WARN_DIRECT_OBJC_ISA_USAGE = YES_ERROR;
				CLANG_WARN_DOCUMENTATION_COMMENTS = YES;
				CLANG_WARN_EMPTY_BODY = YES;
				CLANG_WARN_ENUM_CONVERSION = YES;
				CLANG_WARN_INFINITE_RECURSION = YES;
				CLANG_WARN_INT_CONVERSION = YES;
				CLANG_WARN_NON_LITERAL_NULL_CONVERSION = YES;
				CLANG_WARN_OBJC_IMPLICIT_RETAIN_SELF = YES;
				CLANG_WARN_OBJC_LITERAL_CONVERSION = YES;
				CLANG_WARN_OBJC_ROOT_CLASS = YES_ERROR;
				CLANG_WARN_RANGE_LOOP_ANALYSIS = YES;
				CLANG_WARN_STRICT_PROTOTYPES = YES;
				CLANG_WARN_SUSPICIOUS_MOVE = YES;
				CLANG_WARN_UNGUARDED_AVAILABILITY = YES_AGGRESSIVE;
				CLANG_WARN_UNREACHABLE_CODE = YES;
				CLANG_WARN__DUPLICATE_METHOD_MATCH = YES;
				COPY_PHASE_STRIP = NO;
				DEBUG_INFORMATION_FORMAT = "dwarf-with-dsym";
				ENABLE_NS_ASSERTIONS = NO;
				ENABLE_STRICT_OBJC_MSGSEND = YES;
				GCC_C_LANGUAGE_STANDARD = gnu11;
				GCC_NO_COMMON_BLOCKS = YES;
				GCC_WARN_64_TO_32_BIT_CONVERSION = YES;
				GCC_WARN_ABOUT_RETURN_TYPE = YES_ERROR;
				GCC_WARN_UNDECLARED_SELECTOR = YES;
				GCC_WARN_UNINITIALIZED_AUTOS = YES_AGGRESSIVE;
				GCC_WARN_UNUSED_FUNCTION = YES;
				GCC_WARN_UNUSED_VARIABLE = YES;
				IPHONEOS_DEPLOYMENT_TARGET = 13.0;
				MTL_ENABLE_DEBUG_INFO = NO;
				MTL_FAST_MATH = YES;
				SDKROOT = iphoneos;
				SWIFT_COMPILATION_MODE = wholemodule;
				SWIFT_OPTIMIZATION_LEVEL = "-O";
				VALIDATE_PRODUCT = YES;
			};
			name = Release;
		};
		2A5803F822D32DF800AB3A6D /* Debug */ = {
			isa = XCBuildConfiguration;
			buildSettings = {
				ASSETCATALOG_COMPILER_APPICON_NAME = AppIcon;
				CODE_SIGN_STYLE = Automatic;
				DEVELOPMENT_ASSET_PATHS = "ButtonAction/Preview\\ Content";
				DEVELOPMENT_TEAM = QG598U658S;
				ENABLE_PREVIEWS = YES;
				INFOPLIST_FILE = ButtonAction/Info.plist;
				LD_RUNPATH_SEARCH_PATHS = (
					"$(inherited)",
					"@executable_path/Frameworks",
				);
				PRODUCT_BUNDLE_IDENTIFIER = com.fx.ButtonAction;
				PRODUCT_NAME = "$(TARGET_NAME)";
				SWIFT_VERSION = 5.0;
				TARGETED_DEVICE_FAMILY = "1,2";
			};
			name = Debug;
		};
		2A5803F922D32DF800AB3A6D /* Release */ = {
			isa = XCBuildConfiguration;
			buildSettings = {
				ASSETCATALOG_COMPILER_APPICON_NAME = AppIcon;
				CODE_SIGN_STYLE = Automatic;
				DEVELOPMENT_ASSET_PATHS = "ButtonAction/Preview\\ Content";
				DEVELOPMENT_TEAM = QG598U658S;
				ENABLE_PREVIEWS = YES;
				INFOPLIST_FILE = ButtonAction/Info.plist;
				LD_RUNPATH_SEARCH_PATHS = (
					"$(inherited)",
					"@executable_path/Frameworks",
				);
				PRODUCT_BUNDLE_IDENTIFIER = com.fx.ButtonAction;
				PRODUCT_NAME = "$(TARGET_NAME)";
				SWIFT_VERSION = 5.0;
				TARGETED_DEVICE_FAMILY = "1,2";
			};
			name = Release;
		};
/* End XCBuildConfiguration section */

/* Begin XCConfigurationList section */
		2A5803DE22D32DF500AB3A6D /* Build configuration list for PBXProject "ButtonAction" */ = {
			isa = XCConfigurationList;
			buildConfigurations = (
				2A5803F522D32DF800AB3A6D /* Debug */,
				2A5803F622D32DF800AB3A6D /* Release */,
			);
			defaultConfigurationIsVisible = 0;
			defaultConfigurationName = Release;
		};
		2A5803F722D32DF800AB3A6D /* Build configuration list for PBXNativeTarget "ButtonAction" */ = {
			isa = XCConfigurationList;
			buildConfigurations = (
				2A5803F822D32DF800AB3A6D /* Debug */,
				2A5803F922D32DF800AB3A6D /* Release */,
			);
			defaultConfigurationIsVisible = 0;
			defaultConfigurationName = Release;
		};
/* End XCConfigurationList section */
	};
	rootObject = 2A5803DB22D32DF500AB3A6D /* Project object */;
}
