// !$*UTF8*$!
{
	archiveVersion = 1;
	classes = {
	};
	objectVersion = 50;
	objects = {

/* Begin PBXBuildFile section */
		2A59ADED22EFF99600AE4528 /* AppDelegate.swift in Sources */ = {isa = PBXBuildFile; fileRef = 2A59ADEC22EFF99600AE4528 /* AppDelegate.swift */; };
		2A59ADEF22EFF99600AE4528 /* SceneDelegate.swift in Sources */ = {isa = PBXBuildFile; fileRef = 2A59ADEE22EFF99600AE4528 /* SceneDelegate.swift */; };
		2A59ADF122EFF99600AE4528 /* ContentView.swift in Sources */ = {isa = PBXBuildFile; fileRef = 2A59ADF022EFF99600AE4528 /* ContentView.swift */; };
		2A59ADF322EFF99900AE4528 /* Assets.xcassets in Resources */ = {isa = PBXBuildFile; fileRef = 2A59ADF222EFF99900AE4528 /* Assets.xcassets */; };
		2A59ADF622EFF99900AE4528 /* Preview Assets.xcassets in Resources */ = {isa = PBXBuildFile; fileRef = 2A59ADF522EFF99900AE4528 /* Preview Assets.xcassets */; };
		2A59ADF922EFF99900AE4528 /* LaunchScreen.storyboard in Resources */ = {isa = PBXBuildFile; fileRef = 2A59ADF722EFF99900AE4528 /* LaunchScreen.storyboard */; };
		2A59AE0422EFFA7A00AE4528 /* WeatherRow.swift in Sources */ = {isa = PBXBuildFile; fileRef = 2A59AE0322EFFA7A00AE4528 /* WeatherRow.swift */; };
		2AFCF9F822F01FD800E84AA0 /* Weather.swift in Sources */ = {isa = PBXBuildFile; fileRef = 2AFCF9F722F01FD800E84AA0 /* Weather.swift */; };
/* End PBXBuildFile section */

/* Begin PBXFileReference section */
		2A59ADE922EFF99600AE4528 /* IdentifiableProtocol.app */ = {isa = PBXFileReference; explicitFileType = wrapper.application; includeInIndex = 0; path = IdentifiableProtocol.app; sourceTree = BUILT_PRODUCTS_DIR; };
		2A59ADEC22EFF99600AE4528 /* AppDelegate.swift */ = {isa = PBXFileReference; lastKnownFileType = sourcecode.swift; path = AppDelegate.swift; sourceTree = "<group>"; };
		2A59ADEE22EFF99600AE4528 /* SceneDelegate.swift */ = {isa = PBXFileReference; lastKnownFileType = sourcecode.swift; path = SceneDelegate.swift; sourceTree = "<group>"; };
		2A59ADF022EFF99600AE4528 /* ContentView.swift */ = {isa = PBXFileReference; lastKnownFileType = sourcecode.swift; path = ContentView.swift; sourceTree = "<group>"; };
		2A59ADF222EFF99900AE4528 /* Assets.xcassets */ = {isa = PBXFileReference; lastKnownFileType = folder.assetcatalog; path = Assets.xcassets; sourceTree = "<group>"; };
		2A59ADF522EFF99900AE4528 /* Preview Assets.xcassets */ = {isa = PBXFileReference; lastKnownFileType = folder.assetcatalog; path = "Preview Assets.xcassets"; sourceTree = "<group>"; };
		2A59ADF822EFF99900AE4528 /* Base */ = {isa = PBXFileReference; lastKnownFileType = file.storyboard; name = Base; path = Base.lproj/LaunchScreen.storyboard; sourceTree = "<group>"; };
		2A59ADFA22EFF99900AE4528 /* Info.plist */ = {isa = PBXFileReference; lastKnownFileType = text.plist.xml; path = Info.plist; sourceTree = "<group>"; };
		2A59AE0322EFFA7A00AE4528 /* WeatherRow.swift */ = {isa = PBXFileReference; lastKnownFileType = sourcecode.swift; path = WeatherRow.swift; sourceTree = "<group>"; };
		2AFCF9F722F01FD800E84AA0 /* Weather.swift */ = {isa = PBXFileReference; lastKnownFileType = sourcecode.swift; path = Weather.swift; sourceTree = "<group>"; };
/* End PBXFileReference section */

/* Begin PBXFrameworksBuildPhase section */
		2A59ADE622EFF99600AE4528 /* Frameworks */ = {
			isa = PBXFrameworksBuildPhase;
			buildActionMask = 2147483647;
			files = (
			);
			runOnlyForDeploymentPostprocessing = 0;
		};
/* End PBXFrameworksBuildPhase section */

/* Begin PBXGroup section */
		2A59ADE022EFF99600AE4528 = {
			isa = PBXGroup;
			children = (
				2A59ADEB22EFF99600AE4528 /* DynamicList */,
				2A59ADEA22EFF99600AE4528 /* Products */,
			);
			sourceTree = "<group>";
		};
		2A59ADEA22EFF99600AE4528 /* Products */ = {
			isa = PBXGroup;
			children = (
				2A59ADE922EFF99600AE4528 /* IdentifiableProtocol.app */,
			);
			name = Products;
			sourceTree = "<group>";
		};
		2A59ADEB22EFF99600AE4528 /* DynamicList */ = {
			isa = PBXGroup;
			children = (
				2A59AE0022EFF9A800AE4528 /* Weather */,
				2A59ADEC22EFF99600AE4528 /* AppDelegate.swift */,
				2A59ADEE22EFF99600AE4528 /* SceneDelegate.swift */,
				2A59ADF022EFF99600AE4528 /* ContentView.swift */,
				2A59ADF222EFF99900AE4528 /* Assets.xcassets */,
				2A59ADF722EFF99900AE4528 /* LaunchScreen.storyboard */,
				2A59ADFA22EFF99900AE4528 /* Info.plist */,
				2A59ADF422EFF99900AE4528 /* Preview Content */,
			);
			path = DynamicList;
			sourceTree = "<group>";
		};
		2A59ADF422EFF99900AE4528 /* Preview Content */ = {
			isa = PBXGroup;
			children = (
				2A59ADF522EFF99900AE4528 /* Preview Assets.xcassets */,
			);
			path = "Preview Content";
			sourceTree = "<group>";
		};
		2A59AE0022EFF9A800AE4528 /* Weather */ = {
			isa = PBXGroup;
			children = (
				2A59AE0322EFFA7A00AE4528 /* WeatherRow.swift */,
				2AFCF9F722F01FD800E84AA0 /* Weather.swift */,
			);
			path = Weather;
			sourceTree = "<group>";
		};
/* End PBXGroup section */

/* Begin PBXNativeTarget section */
		2A59ADE822EFF99600AE4528 /* IdentifiableProtocol */ = {
			isa = PBXNativeTarget;
			buildConfigurationList = 2A59ADFD22EFF99900AE4528 /* Build configuration list for PBXNativeTarget "IdentifiableProtocol" */;
			buildPhases = (
				2A59ADE522EFF99600AE4528 /* Sources */,
				2A59ADE622EFF99600AE4528 /* Frameworks */,
				2A59ADE722EFF99600AE4528 /* Resources */,
			);
			buildRules = (
			);
			dependencies = (
			);
			name = IdentifiableProtocol;
			productName = DynamicList;
			productReference = 2A59ADE922EFF99600AE4528 /* IdentifiableProtocol.app */;
			productType = "com.apple.product-type.application";
		};
/* End PBXNativeTarget section */

/* Begin PBXProject section */
		2A59ADE122EFF99600AE4528 /* Project object */ = {
			isa = PBXProject;
			attributes = {
				LastSwiftUpdateCheck = 1100;
				LastUpgradeCheck = 1100;
				ORGANIZATIONNAME = "Tien Le P.";
				TargetAttributes = {
					2A59ADE822EFF99600AE4528 = {
						CreatedOnToolsVersion = 11.0;
					};
				};
			};
			buildConfigurationList = 2A59ADE422EFF99600AE4528 /* Build configuration list for PBXProject "IdentifiableProtocol" */;
			compatibilityVersion = "Xcode 9.3";
			developmentRegion = en;
			hasScannedForEncodings = 0;
			knownRegions = (
				en,
				Base,
			);
			mainGroup = 2A59ADE022EFF99600AE4528;
			productRefGroup = 2A59ADEA22EFF99600AE4528 /* Products */;
			projectDirPath = "";
			projectRoot = "";
			targets = (
				2A59ADE822EFF99600AE4528 /* IdentifiableProtocol */,
			);
		};
/* End PBXProject section */

/* Begin PBXResourcesBuildPhase section */
		2A59ADE722EFF99600AE4528 /* Resources */ = {
			isa = PBXResourcesBuildPhase;
			buildActionMask = 2147483647;
			files = (
				2A59ADF922EFF99900AE4528 /* LaunchScreen.storyboard in Resources */,
				2A59ADF622EFF99900AE4528 /* Preview Assets.xcassets in Resources */,
				2A59ADF322EFF99900AE4528 /* Assets.xcassets in Resources */,
			);
			runOnlyForDeploymentPostprocessing = 0;
		};
/* End PBXResourcesBuildPhase section */

/* Begin PBXSourcesBuildPhase section */
		2A59ADE522EFF99600AE4528 /* Sources */ = {
			isa = PBXSourcesBuildPhase;
			buildActionMask = 2147483647;
			files = (
				2A59ADED22EFF99600AE4528 /* AppDelegate.swift in Sources */,
				2A59ADEF22EFF99600AE4528 /* SceneDelegate.swift in Sources */,
				2A59ADF122EFF99600AE4528 /* ContentView.swift in Sources */,
				2A59AE0422EFFA7A00AE4528 /* WeatherRow.swift in Sources */,
				2AFCF9F822F01FD800E84AA0 /* Weather.swift in Sources */,
			);
			runOnlyForDeploymentPostprocessing = 0;
		};
/* End PBXSourcesBuildPhase section */

/* Begin PBXVariantGroup section */
		2A59ADF722EFF99900AE4528 /* LaunchScreen.storyboard */ = {
			isa = PBXVariantGroup;
			children = (
				2A59ADF822EFF99900AE4528 /* Base */,
			);
			name = LaunchScreen.storyboard;
			sourceTree = "<group>";
		};
/* End PBXVariantGroup section */

/* Begin XCBuildConfiguration section */
		2A59ADFB22EFF99900AE4528 /* Debug */ = {
			isa = XCBuildConfiguration;
			buildSettings = {
				ALWAYS_SEARCH_USER_PATHS = NO;
				CLANG_ANALYZER_NONNULL = YES;
				CLANG_ANALYZER_NUMBER_OBJECT_CONVERSION = YES_AGGRESSIVE;
				CLANG_CXX_LANGUAGE_STANDARD = "gnu++14";
				CLANG_CXX_LIBRARY = "libc++";
				CLANG_ENABLE_MODULES = YES;
				CLANG_ENABLE_OBJC_ARC = YES;
				CLANG_ENABLE_OBJC_WEAK = YES;
				CLANG_WARN_BLOCK_CAPTURE_AUTORELEASING = YES;
				CLANG_WARN_BOOL_CONVERSION = YES;
				CLANG_WARN_COMMA = YES;
				CLANG_WARN_CONSTANT_CONVERSION = YES;
				CLANG_WARN_DEPRECATED_OBJC_IMPLEMENTATIONS = YES;
				CLANG_WARN_DIRECT_OBJC_ISA_USAGE = YES_ERROR;
				CLANG_WARN_DOCUMENTATION_COMMENTS = YES;
				CLANG_WARN_EMPTY_BODY = YES;
				CLANG_WARN_ENUM_CONVERSION = YES;
				CLANG_WARN_INFINITE_RECURSION = YES;
				CLANG_WARN_INT_CONVERSION = YES;
				CLANG_WARN_NON_LITERAL_NULL_CONVERSION = YES;
				CLANG_WARN_OBJC_IMPLICIT_RETAIN_SELF = YES;
				CLANG_WARN_OBJC_LITERAL_CONVERSION = YES;
				CLANG_WARN_OBJC_ROOT_CLASS = YES_ERROR;
				CLANG_WARN_RANGE_LOOP_ANALYSIS = YES;
				CLANG_WARN_STRICT_PROTOTYPES = YES;
				CLANG_WARN_SUSPICIOUS_MOVE = YES;
				CLANG_WARN_UNGUARDED_AVAILABILITY = YES_AGGRESSIVE;
				CLANG_WARN_UNREACHABLE_CODE = YES;
				CLANG_WARN__DUPLICATE_METHOD_MATCH = YES;
				COPY_PHASE_STRIP = NO;
				DEBUG_INFORMATION_FORMAT = dwarf;
				ENABLE_STRICT_OBJC_MSGSEND = YES;
				ENABLE_TESTABILITY = YES;
				GCC_C_LANGUAGE_STANDARD = gnu11;
				GCC_DYNAMIC_NO_PIC = NO;
				GCC_NO_COMMON_BLOCKS = YES;
				GCC_OPTIMIZATION_LEVEL = 0;
				GCC_PREPROCESSOR_DEFINITIONS = (
					"DEBUG=1",
					"$(inherited)",
				);
				GCC_WARN_64_TO_32_BIT_CONVERSION = YES;
				GCC_WARN_ABOUT_RETURN_TYPE = YES_ERROR;
				GCC_WARN_UNDECLARED_SELECTOR = YES;
				GCC_WARN_UNINITIALIZED_AUTOS = YES_AGGRESSIVE;
				GCC_WARN_UNUSED_FUNCTION = YES;
				GCC_WARN_UNUSED_VARIABLE = YES;
				IPHONEOS_DEPLOYMENT_TARGET = 13.0;
				MTL_ENABLE_DEBUG_INFO = INCLUDE_SOURCE;
				MTL_FAST_MATH = YES;
				ONLY_ACTIVE_ARCH = YES;
				SDKROOT = iphoneos;
				SWIFT_ACTIVE_COMPILATION_CONDITIONS = DEBUG;
				SWIFT_OPTIMIZATION_LEVEL = "-Onone";
			};
			name = Debug;
		};
		2A59ADFC22EFF99900AE4528 /* Release */ = {
			isa = XCBuildConfiguration;
			buildSettings = {
				ALWAYS_SEARCH_USER_PATHS = NO;
				CLANG_ANALYZER_NONNULL = YES;
				CLANG_ANALYZER_NUMBER_OBJECT_CONVERSION = YES_AGGRESSIVE;
				CLANG_CXX_LANGUAGE_STANDARD = "gnu++14";
				CLANG_CXX_LIBRARY = "libc++";
				CLANG_ENABLE_MODULES = YES;
				CLANG_ENABLE_OBJC_ARC = YES;
				CLANG_ENABLE_OBJC_WEAK = YES;
				CLANG_WARN_BLOCK_CAPTURE_AUTORELEASING = YES;
				CLANG_WARN_BOOL_CONVERSION = YES;
				CLANG_WARN_COMMA = YES;
				CLANG_WARN_CONSTANT_CONVERSION = YES;
				CLANG_WARN_DEPRECATED_OBJC_IMPLEMENTATIONS = YES;
				CLANG_WARN_DIRECT_OBJC_ISA_USAGE = YES_ERROR;
				CLANG_WARN_DOCUMENTATION_COMMENTS = YES;
				CLANG_WARN_EMPTY_BODY = YES;
				CLANG_WARN_ENUM_CONVERSION = YES;
				CLANG_WARN_INFINITE_RECURSION = YES;
				CLANG_WARN_INT_CONVERSION = YES;
				CLANG_WARN_NON_LITERAL_NULL_CONVERSION = YES;
				CLANG_WARN_OBJC_IMPLICIT_RETAIN_SELF = YES;
				CLANG_WARN_OBJC_LITERAL_CONVERSION = YES;
				CLANG_WARN_OBJC_ROOT_CLASS = YES_ERROR;
				CLANG_WARN_RANGE_LOOP_ANALYSIS = YES;
				CLANG_WARN_STRICT_PROTOTYPES = YES;
				CLANG_WARN_SUSPICIOUS_MOVE = YES;
				CLANG_WARN_UNGUARDED_AVAILABILITY = YES_AGGRESSIVE;
				CLANG_WARN_UNREACHABLE_CODE = YES;
				CLANG_WARN__DUPLICATE_METHOD_MATCH = YES;
				COPY_PHASE_STRIP = NO;
				DEBUG_INFORMATION_FORMAT = "dwarf-with-dsym";
				ENABLE_NS_ASSERTIONS = NO;
				ENABLE_STRICT_OBJC_MSGSEND = YES;
				GCC_C_LANGUAGE_STANDARD = gnu11;
				GCC_NO_COMMON_BLOCKS = YES;
				GCC_WARN_64_TO_32_BIT_CONVERSION = YES;
				GCC_WARN_ABOUT_RETURN_TYPE = YES_ERROR;
				GCC_WARN_UNDECLARED_SELECTOR = YES;
				GCC_WARN_UNINITIALIZED_AUTOS = YES_AGGRESSIVE;
				GCC_WARN_UNUSED_FUNCTION = YES;
				GCC_WARN_UNUSED_VARIABLE = YES;
				IPHONEOS_DEPLOYMENT_TARGET = 13.0;
				MTL_ENABLE_DEBUG_INFO = NO;
				MTL_FAST_MATH = YES;
				SDKROOT = iphoneos;
				SWIFT_COMPILATION_MODE = wholemodule;
				SWIFT_OPTIMIZATION_LEVEL = "-O";
				VALIDATE_PRODUCT = YES;
			};
			name = Release;
		};
		2A59ADFE22EFF99900AE4528 /* Debug */ = {
			isa = XCBuildConfiguration;
			buildSettings = {
				ASSETCATALOG_COMPILER_APPICON_NAME = AppIcon;
				CODE_SIGN_STYLE = Automatic;
				DEVELOPMENT_ASSET_PATHS = "DynamicList/Preview\\ Content";
				DEVELOPMENT_TEAM = QG598U658S;
				ENABLE_PREVIEWS = YES;
				INFOPLIST_FILE = DynamicList/Info.plist;
				LD_RUNPATH_SEARCH_PATHS = (
					"$(inherited)",
					"@executable_path/Frameworks",
				);
				PRODUCT_BUNDLE_IDENTIFIER = com.fx.DynamicList;
				PRODUCT_NAME = "$(TARGET_NAME)";
				SWIFT_VERSION = 5.0;
				TARGETED_DEVICE_FAMILY = "1,2";
			};
			name = Debug;
		};
		2A59ADFF22EFF99900AE4528 /* Release */ = {
			isa = XCBuildConfiguration;
			buildSettings = {
				ASSETCATALOG_COMPILER_APPICON_NAME = AppIcon;
				CODE_SIGN_STYLE = Automatic;
				DEVELOPMENT_ASSET_PATHS = "DynamicList/Preview\\ Content";
				DEVELOPMENT_TEAM = QG598U658S;
				ENABLE_PREVIEWS = YES;
				INFOPLIST_FILE = DynamicList/Info.plist;
				LD_RUNPATH_SEARCH_PATHS = (
					"$(inherited)",
					"@executable_path/Frameworks",
				);
				PRODUCT_BUNDLE_IDENTIFIER = com.fx.DynamicList;
				PRODUCT_NAME = "$(TARGET_NAME)";
				SWIFT_VERSION = 5.0;
				TARGETED_DEVICE_FAMILY = "1,2";
			};
			name = Release;
		};
/* End XCBuildConfiguration section */

/* Begin XCConfigurationList section */
		2A59ADE422EFF99600AE4528 /* Build configuration list for PBXProject "IdentifiableProtocol" */ = {
			isa = XCConfigurationList;
			buildConfigurations = (
				2A59ADFB22EFF99900AE4528 /* Debug */,
				2A59ADFC22EFF99900AE4528 /* Release */,
			);
			defaultConfigurationIsVisible = 0;
			defaultConfigurationName = Release;
		};
		2A59ADFD22EFF99900AE4528 /* Build configuration list for PBXNativeTarget "IdentifiableProtocol" */ = {
			isa = XCConfigurationList;
			buildConfigurations = (
				2A59ADFE22EFF99900AE4528 /* Debug */,
				2A59ADFF22EFF99900AE4528 /* Release */,
			);
			defaultConfigurationIsVisible = 0;
			defaultConfigurationName = Release;
		};
/* End XCConfigurationList section */
	};
	rootObject = 2A59ADE122EFF99600AE4528 /* Project object */;
}
